
Microsoft Visual Studio Solution File, Format Version 12.00
# Visual Studio Version 17
VisualStudioVersion = 17.6.33829.357
MinimumVisualStudioVersion = 10.0.40219.1
Project("{FAE04EC0-301F-11D3-BF4B-00C04F79EFBC}") = "MvcMovie", "MvcMovie.csproj", "{3EB42CBA-96DC-469A-99F7-AF1618CC473B}"
EndProject
Global
	GlobalSection(SolutionConfigurationPlatforms) = preSolution
		Debug|Any CPU = Debug|Any CPU
		Release|Any CPU = Release|Any CPU
	EndGlobalSection
	GlobalSection(ProjectConfigurationPlatforms) = postSolution
		{3EB42CBA-96DC-469A-99F7-AF1618CC473B}.Debug|Any CPU.ActiveCfg = Debug|Any CPU
		{3EB42CBA-96DC-469A-99F7-AF1618CC473B}.Debug|Any CPU.Build.0 = Debug|Any CPU
		{3EB42CBA-96DC-469A-99F7-AF1618CC473B}.Release|Any CPU.ActiveCfg = Release|Any CPU
		{3EB42CBA-96DC-469A-99F7-AF1618CC473B}.Release|Any CPU.Build.0 = Release|Any CPU
	EndGlobalSection
	GlobalSection(SolutionProperties) = preSolution
		HideSolutionNode = FALSE
	EndGlobalSection
	GlobalSection(ExtensibilityGlobals) = postSolution
		SolutionGuid = {668425DE-E4F7-4659-B778-5F17A6CE0EC3}
	EndGlobalSection
EndGlobal
